
Microsoft Visual Studio Solution File, Format Version 12.00
# Visual Studio Version 17
VisualStudioVersion = 17.4.33103.184
MinimumVisualStudioVersion = 10.0.40219.1
Project("{FAE04EC0-301F-11D3-BF4B-00C04F79EFBC}") = "designAutomationSample", "designAutomationSample.csproj", "{09DB6E15-0F61-4D42-B243-0665DB336FA1}"
EndProject
Global
	GlobalSection(SolutionConfigurationPlatforms) = preSolution
		Debug|Any CPU = Debug|Any CPU
		Debug|x64 = Debug|x64
		Release|Any CPU = Release|Any CPU
		Release|x64 = Release|x64
	EndGlobalSection
	GlobalSection(ProjectConfigurationPlatforms) = postSolution
		{09DB6E15-0F61-4D42-B243-0665DB336FA1}.Debug|Any CPU.ActiveCfg = Debug|Any CPU
		{09DB6E15-0F61-4D42-B243-0665DB336FA1}.Debug|Any CPU.Build.0 = Debug|Any CPU
		{09DB6E15-0F61-4D42-B243-0665DB336FA1}.Debug|x64.ActiveCfg = Debug|x64
		{09DB6E15-0F61-4D42-B243-0665DB336FA1}.Debug|x64.Build.0 = Debug|x64
		{09DB6E15-0F61-4D42-B243-0665DB336FA1}.Release|Any CPU.ActiveCfg = Release|Any CPU
		{09DB6E15-0F61-4D42-B243-0665DB336FA1}.Release|Any CPU.Build.0 = Release|Any CPU
		{09DB6E15-0F61-4D42-B243-0665DB336FA1}.Release|x64.ActiveCfg = Release|x64
		{09DB6E15-0F61-4D42-B243-0665DB336FA1}.Release|x64.Build.0 = Release|x64
	EndGlobalSection
	GlobalSection(SolutionProperties) = preSolution
		HideSolutionNode = FALSE
	EndGlobalSection
	GlobalSection(ExtensibilityGlobals) = postSolution
		SolutionGuid = {B793C503-96AB-4A3C-B2D4-E2E6988635D1}
	EndGlobalSection
EndGlobal
